// !$*UTF8*$!
{
	archiveVersion = 1;
	classes = {
	};
	objectVersion = 48;
	objects = {

/* Begin PBXBuildFile section */
		2431DAE71F45F24C0082E928 /* netDetail.js in Resources */ = {isa = PBXBuildFile; fileRef = 24E480D01F45ED75009B6998 /* netDetail.js */; };
		2431DAEA1F45F3320082E928 /* NetDiskTitleTableViewCell.swift in Sources */ = {isa = PBXBuildFile; fileRef = 2431DAE81F45F3320082E928 /* NetDiskTitleTableViewCell.swift */; };
		2431DAEB1F45F3320082E928 /* NetDiskTitleTableViewCell.xib in Resources */ = {isa = PBXBuildFile; fileRef = 2431DAE91F45F3320082E928 /* NetDiskTitleTableViewCell.xib */; };
		2431DAEE1F45F6810082E928 /* NetDiskImageTableViewCell.swift in Sources */ = {isa = PBXBuildFile; fileRef = 2431DAEC1F45F6810082E928 /* NetDiskImageTableViewCell.swift */; };
		2431DAEF1F45F6810082E928 /* NetDiskImageTableViewCell.xib in Resources */ = {isa = PBXBuildFile; fileRef = 2431DAED1F45F6810082E928 /* NetDiskImageTableViewCell.xib */; };
		2438471C1F00891400027E27 /* AppDelegate.swift in Sources */ = {isa = PBXBuildFile; fileRef = 2438471B1F00891400027E27 /* AppDelegate.swift */; };
		2438471F1F00891400027E27 /* S8Blocker.xcdatamodeld in Sources */ = {isa = PBXBuildFile; fileRef = 2438471D1F00891400027E27 /* S8Blocker.xcdatamodeld */; };
		243847211F00891400027E27 /* MasterViewController.swift in Sources */ = {isa = PBXBuildFile; fileRef = 243847201F00891400027E27 /* MasterViewController.swift */; };
		243847231F00891400027E27 /* DetailViewController.swift in Sources */ = {isa = PBXBuildFile; fileRef = 243847221F00891400027E27 /* DetailViewController.swift */; };
		243847261F00891400027E27 /* Main.storyboard in Resources */ = {isa = PBXBuildFile; fileRef = 243847241F00891400027E27 /* Main.storyboard */; };
		243847281F00891400027E27 /* Assets.xcassets in Resources */ = {isa = PBXBuildFile; fileRef = 243847271F00891400027E27 /* Assets.xcassets */; };
		2438472B1F00891400027E27 /* LaunchScreen.storyboard in Resources */ = {isa = PBXBuildFile; fileRef = 243847291F00891400027E27 /* LaunchScreen.storyboard */; };
		243847361F00891400027E27 /* S8BlockerTests.swift in Sources */ = {isa = PBXBuildFile; fileRef = 243847351F00891400027E27 /* S8BlockerTests.swift */; };
		243847411F00891400027E27 /* S8BlockerUITests.swift in Sources */ = {isa = PBXBuildFile; fileRef = 243847401F00891400027E27 /* S8BlockerUITests.swift */; };
		243847551F00897A00027E27 /* blockerList.json in Resources */ = {isa = PBXBuildFile; fileRef = 243847541F00897A00027E27 /* blockerList.json */; };
		243847571F00897A00027E27 /* ContentBlockerRequestHandler.swift in Sources */ = {isa = PBXBuildFile; fileRef = 243847561F00897A00027E27 /* ContentBlockerRequestHandler.swift */; };
		2438475B1F00897A00027E27 /* ADBlock-iOS.appex in Embed App Extensions */ = {isa = PBXBuildFile; fileRef = 243847521F00897A00027E27 /* ADBlock-iOS.appex */; settings = {ATTRIBUTES = (RemoveHeadersOnCopy, ); }; };
		243847671F008ABE00027E27 /* ActionViewController.swift in Sources */ = {isa = PBXBuildFile; fileRef = 243847661F008ABE00027E27 /* ActionViewController.swift */; };
		2438476A1F008ABE00027E27 /* MainInterface.storyboard in Resources */ = {isa = PBXBuildFile; fileRef = 243847681F008ABE00027E27 /* MainInterface.storyboard */; };
		2438476E1F008ABE00027E27 /* Torrilste.appex in Embed App Extensions */ = {isa = PBXBuildFile; fileRef = 243847641F008ABE00027E27 /* Torrilste.appex */; settings = {ATTRIBUTES = (RemoveHeadersOnCopy, ); }; };
		2468BB3A1F00D61400AAB573 /* S8Blocker.xcdatamodeld in Sources */ = {isa = PBXBuildFile; fileRef = 2438471D1F00891400027E27 /* S8Blocker.xcdatamodeld */; };
		24D7BBA11F45C8C30094DE28 /* Sex8.storyboard in Resources */ = {isa = PBXBuildFile; fileRef = 24D7BBA01F45C8C30094DE28 /* Sex8.storyboard */; };
		24E480CC1F45E6B3009B6998 /* NetDiskDetailViewController.swift in Sources */ = {isa = PBXBuildFile; fileRef = 24E480CB1F45E6B3009B6998 /* NetDiskDetailViewController.swift */; };
		24E480CF1F45E969009B6998 /* NetDiskDetalModal.swift in Sources */ = {isa = PBXBuildFile; fileRef = 24E480CE1F45E969009B6998 /* NetDiskDetalModal.swift */; };
		24E480D11F45ED75009B6998 /* netDetail.js in Sources */ = {isa = PBXBuildFile; fileRef = 24E480D01F45ED75009B6998 /* netDetail.js */; };
		24F3467D1F45CA5B001930ED /* ViewController.swift in Sources */ = {isa = PBXBuildFile; fileRef = 24F3467C1F45CA5B001930ED /* ViewController.swift */; };
		24F4C26F1F45D122008412AF /* NetDiskListViewController.swift in Sources */ = {isa = PBXBuildFile; fileRef = 243537B61F45C71400D6C1DF /* NetDiskListViewController.swift */; };
		24F4C2701F45D122008412AF /* NetDiskModal.swift in Sources */ = {isa = PBXBuildFile; fileRef = 243537B41F45C71400D6C1DF /* NetDiskModal.swift */; };
		24F4C2711F45D122008412AF /* NetDiskTableViewCell.swift in Sources */ = {isa = PBXBuildFile; fileRef = 243537B71F45C71400D6C1DF /* NetDiskTableViewCell.swift */; };
		24F4C2721F45D122008412AF /* NetDiskTableViewCell.xib in Sources */ = {isa = PBXBuildFile; fileRef = 243537B31F45C71400D6C1DF /* NetDiskTableViewCell.xib */; };
		273B412B1F8B7B38001A6CA9 /* NewMovieTableViewController.swift in Sources */ = {isa = PBXBuildFile; fileRef = 273B412A1F8B7B38001A6CA9 /* NewMovieTableViewController.swift */; };
		273B412E1F8B7B53001A6CA9 /* NewMovieTableViewCell.swift in Sources */ = {isa = PBXBuildFile; fileRef = 273B412C1F8B7B53001A6CA9 /* NewMovieTableViewCell.swift */; };
		273B412F1F8B7B53001A6CA9 /* NewMovieTableViewCell.xib in Resources */ = {isa = PBXBuildFile; fileRef = 273B412D1F8B7B53001A6CA9 /* NewMovieTableViewCell.xib */; };
		276BC26C1F8F68F1006B9B92 /* Webservice.swift in Sources */ = {isa = PBXBuildFile; fileRef = 276BC26B1F8F68F1006B9B92 /* Webservice.swift */; };
		276BC26E1F8F6987006B9B92 /* ErrorStruct.swift in Sources */ = {isa = PBXBuildFile; fileRef = 276BC26D1F8F6987006B9B92 /* ErrorStruct.swift */; };
		276BC2701F8F69CE006B9B92 /* DictionaryExtension.swift in Sources */ = {isa = PBXBuildFile; fileRef = 276BC26F1F8F69CE006B9B92 /* DictionaryExtension.swift */; };
		276BC2721F8F6A0F006B9B92 /* JsonModal.swift in Sources */ = {isa = PBXBuildFile; fileRef = 276BC2711F8F6A0F006B9B92 /* JsonModal.swift */; };
		276BC2761F90583D006B9B92 /* Kingfisher.framework in Frameworks */ = {isa = PBXBuildFile; fileRef = 276BC2741F9057EC006B9B92 /* Kingfisher.framework */; };
		276BC2771F90584B006B9B92 /* Kingfisher.framework in Embed Frameworks */ = {isa = PBXBuildFile; fileRef = 276BC2741F9057EC006B9B92 /* Kingfisher.framework */; settings = {ATTRIBUTES = (CodeSignOnCopy, RemoveHeadersOnCopy, ); }; };
		278B1EE2200CA1E5004F9760 /* Categrory-Modal.swift in Sources */ = {isa = PBXBuildFile; fileRef = 278B1EE1200CA1E5004F9760 /* Categrory-Modal.swift */; };
		278B1EE6200CA341004F9760 /* categrory.plist in Resources */ = {isa = PBXBuildFile; fileRef = 278B1EE5200CA341004F9760 /* categrory.plist */; };
		278B1EE8200CA530004F9760 /* CategroryCollectionViewCell.swift in Sources */ = {isa = PBXBuildFile; fileRef = 278B1EE7200CA530004F9760 /* CategroryCollectionViewCell.swift */; };
		278B1EEA200CB1C7004F9760 /* Movie-Modal.swift in Sources */ = {isa = PBXBuildFile; fileRef = 278B1EE9200CB1C7004F9760 /* Movie-Modal.swift */; };
		278B1EED200CB284004F9760 /* FetchBot.swift in Sources */ = {isa = PBXBuildFile; fileRef = 278B1EEC200CB284004F9760 /* FetchBot.swift */; };
		278B1EEF200D9485004F9760 /* Parser.swift in Sources */ = {isa = PBXBuildFile; fileRef = 278B1EEE200D9485004F9760 /* Parser.swift */; };
/* End PBXBuildFile section */

/* Begin PBXContainerItemProxy section */
		243847321F00891400027E27 /* PBXContainerItemProxy */ = {
			isa = PBXContainerItemProxy;
			containerPortal = 243847101F00891400027E27 /* Project object */;
			proxyType = 1;
			remoteGlobalIDString = 243847171F00891400027E27;
			remoteInfo = S8Blocker;
		};
		2438473D1F00891400027E27 /* PBXContainerItemProxy */ = {
			isa = PBXContainerItemProxy;
			containerPortal = 243847101F00891400027E27 /* Project object */;
			proxyType = 1;
			remoteGlobalIDString = 243847171F00891400027E27;
			remoteInfo = S8Blocker;
		};
		243847591F00897A00027E27 /* PBXContainerItemProxy */ = {
			isa = PBXContainerItemProxy;
			containerPortal = 243847101F00891400027E27 /* Project object */;
			proxyType = 1;
			remoteGlobalIDString = 243847511F00897A00027E27;
			remoteInfo = "ADBlock-iOS";
		};
		2438476C1F008ABE00027E27 /* PBXContainerItemProxy */ = {
			isa = PBXContainerItemProxy;
			containerPortal = 243847101F00891400027E27 /* Project object */;
			proxyType = 1;
			remoteGlobalIDString = 243847631F008ABE00027E27;
			remoteInfo = Torrilste;
		};
/* End PBXContainerItemProxy section */

/* Begin PBXCopyFilesBuildPhase section */
		2438475F1F00897A00027E27 /* Embed App Extensions */ = {
			isa = PBXCopyFilesBuildPhase;
			buildActionMask = 2147483647;
			dstPath = "";
			dstSubfolderSpec = 13;
			files = (
				2438475B1F00897A00027E27 /* ADBlock-iOS.appex in Embed App Extensions */,
				2438476E1F008ABE00027E27 /* Torrilste.appex in Embed App Extensions */,
			);
			name = "Embed App Extensions";
			runOnlyForDeploymentPostprocessing = 0;
		};
		24F346821F45CD0B001930ED /* Embed Frameworks */ = {
			isa = PBXCopyFilesBuildPhase;
			buildActionMask = 2147483647;
			dstPath = "";
			dstSubfolderSpec = 10;
			files = (
				276BC2771F90584B006B9B92 /* Kingfisher.framework in Embed Frameworks */,
			);
			name = "Embed Frameworks";
			runOnlyForDeploymentPostprocessing = 0;
		};
/* End PBXCopyFilesBuildPhase section */

/* Begin PBXFileReference section */
		2431DAE81F45F3320082E928 /* NetDiskTitleTableViewCell.swift */ = {isa = PBXFileReference; lastKnownFileType = sourcecode.swift; path = NetDiskTitleTableViewCell.swift; sourceTree = "<group>"; };
		2431DAE91F45F3320082E928 /* NetDiskTitleTableViewCell.xib */ = {isa = PBXFileReference; lastKnownFileType = file.xib; path = NetDiskTitleTableViewCell.xib; sourceTree = "<group>"; };
		2431DAEC1F45F6810082E928 /* NetDiskImageTableViewCell.swift */ = {isa = PBXFileReference; lastKnownFileType = sourcecode.swift; path = NetDiskImageTableViewCell.swift; sourceTree = "<group>"; };
		2431DAED1F45F6810082E928 /* NetDiskImageTableViewCell.xib */ = {isa = PBXFileReference; lastKnownFileType = file.xib; path = NetDiskImageTableViewCell.xib; sourceTree = "<group>"; };
		243537B31F45C71400D6C1DF /* NetDiskTableViewCell.xib */ = {isa = PBXFileReference; lastKnownFileType = file.xib; path = NetDiskTableViewCell.xib; sourceTree = "<group>"; };
		243537B41F45C71400D6C1DF /* NetDiskModal.swift */ = {isa = PBXFileReference; lastKnownFileType = sourcecode.swift; path = NetDiskModal.swift; sourceTree = "<group>"; };
		243537B61F45C71400D6C1DF /* NetDiskListViewController.swift */ = {isa = PBXFileReference; lastKnownFileType = sourcecode.swift; path = NetDiskListViewController.swift; sourceTree = "<group>"; };
		243537B71F45C71400D6C1DF /* NetDiskTableViewCell.swift */ = {isa = PBXFileReference; lastKnownFileType = sourcecode.swift; path = NetDiskTableViewCell.swift; sourceTree = "<group>"; };
		243847181F00891400027E27 /* S8Blocker.app */ = {isa = PBXFileReference; explicitFileType = wrapper.application; includeInIndex = 0; path = S8Blocker.app; sourceTree = BUILT_PRODUCTS_DIR; };
		2438471B1F00891400027E27 /* AppDelegate.swift */ = {isa = PBXFileReference; lastKnownFileType = sourcecode.swift; path = AppDelegate.swift; sourceTree = "<group>"; };
		2438471E1F00891400027E27 /* S8Blocker.xcdatamodel */ = {isa = PBXFileReference; lastKnownFileType = wrapper.xcdatamodel; path = S8Blocker.xcdatamodel; sourceTree = "<group>"; };
		243847201F00891400027E27 /* MasterViewController.swift */ = {isa = PBXFileReference; lastKnownFileType = sourcecode.swift; path = MasterViewController.swift; sourceTree = "<group>"; };
		243847221F00891400027E27 /* DetailViewController.swift */ = {isa = PBXFileReference; lastKnownFileType = sourcecode.swift; path = DetailViewController.swift; sourceTree = "<group>"; };
		243847251F00891400027E27 /* Base */ = {isa = PBXFileReference; lastKnownFileType = file.storyboard; name = Base; path = Base.lproj/Main.storyboard; sourceTree = "<group>"; };
		243847271F00891400027E27 /* Assets.xcassets */ = {isa = PBXFileReference; lastKnownFileType = folder.assetcatalog; path = Assets.xcassets; sourceTree = "<group>"; };
		2438472A1F00891400027E27 /* Base */ = {isa = PBXFileReference; lastKnownFileType = file.storyboard; name = Base; path = Base.lproj/LaunchScreen.storyboard; sourceTree = "<group>"; };
		2438472C1F00891400027E27 /* Info.plist */ = {isa = PBXFileReference; lastKnownFileType = text.plist.xml; path = Info.plist; sourceTree = "<group>"; };
		243847311F00891400027E27 /* S8BlockerTests.xctest */ = {isa = PBXFileReference; explicitFileType = wrapper.cfbundle; includeInIndex = 0; path = S8BlockerTests.xctest; sourceTree = BUILT_PRODUCTS_DIR; };
		243847351F00891400027E27 /* S8BlockerTests.swift */ = {isa = PBXFileReference; lastKnownFileType = sourcecode.swift; path = S8BlockerTests.swift; sourceTree = "<group>"; };
		243847371F00891400027E27 /* Info.plist */ = {isa = PBXFileReference; lastKnownFileType = text.plist.xml; path = Info.plist; sourceTree = "<group>"; };
		2438473C1F00891400027E27 /* S8BlockerUITests.xctest */ = {isa = PBXFileReference; explicitFileType = wrapper.cfbundle; includeInIndex = 0; path = S8BlockerUITests.xctest; sourceTree = BUILT_PRODUCTS_DIR; };
		243847401F00891400027E27 /* S8BlockerUITests.swift */ = {isa = PBXFileReference; lastKnownFileType = sourcecode.swift; path = S8BlockerUITests.swift; sourceTree = "<group>"; };
		243847421F00891400027E27 /* Info.plist */ = {isa = PBXFileReference; lastKnownFileType = text.plist.xml; path = Info.plist; sourceTree = "<group>"; };
		243847521F00897A00027E27 /* ADBlock-iOS.appex */ = {isa = PBXFileReference; explicitFileType = "wrapper.app-extension"; includeInIndex = 0; path = "ADBlock-iOS.appex"; sourceTree = BUILT_PRODUCTS_DIR; };
		243847541F00897A00027E27 /* blockerList.json */ = {isa = PBXFileReference; lastKnownFileType = text.json; path = blockerList.json; sourceTree = "<group>"; };
		243847561F00897A00027E27 /* ContentBlockerRequestHandler.swift */ = {isa = PBXFileReference; lastKnownFileType = sourcecode.swift; path = ContentBlockerRequestHandler.swift; sourceTree = "<group>"; };
		243847581F00897A00027E27 /* Info.plist */ = {isa = PBXFileReference; lastKnownFileType = text.plist.xml; path = Info.plist; sourceTree = "<group>"; };
		243847641F008ABE00027E27 /* Torrilste.appex */ = {isa = PBXFileReference; explicitFileType = "wrapper.app-extension"; includeInIndex = 0; path = Torrilste.appex; sourceTree = BUILT_PRODUCTS_DIR; };
		243847661F008ABE00027E27 /* ActionViewController.swift */ = {isa = PBXFileReference; lastKnownFileType = sourcecode.swift; path = ActionViewController.swift; sourceTree = "<group>"; };
		243847691F008ABE00027E27 /* Base */ = {isa = PBXFileReference; lastKnownFileType = file.storyboard; name = Base; path = Base.lproj/MainInterface.storyboard; sourceTree = "<group>"; };
		2438476B1F008ABE00027E27 /* Info.plist */ = {isa = PBXFileReference; lastKnownFileType = text.plist.xml; path = Info.plist; sourceTree = "<group>"; };
		243847721F008BA500027E27 /* S8Blocker.entitlements */ = {isa = PBXFileReference; lastKnownFileType = text.plist.entitlements; path = S8Blocker.entitlements; sourceTree = "<group>"; };
		243847731F008C3000027E27 /* Torrilste.entitlements */ = {isa = PBXFileReference; lastKnownFileType = text.plist.entitlements; path = Torrilste.entitlements; sourceTree = "<group>"; };
		2468BB381F00D5BA00AAB573 /* S8Blocker 2.xcdatamodel */ = {isa = PBXFileReference; lastKnownFileType = wrapper.xcdatamodel; path = "S8Blocker 2.xcdatamodel"; sourceTree = "<group>"; };
		24D7BBA01F45C8C30094DE28 /* Sex8.storyboard */ = {isa = PBXFileReference; lastKnownFileType = file.storyboard; path = Sex8.storyboard; sourceTree = "<group>"; };
		24E480CB1F45E6B3009B6998 /* NetDiskDetailViewController.swift */ = {isa = PBXFileReference; lastKnownFileType = sourcecode.swift; path = NetDiskDetailViewController.swift; sourceTree = "<group>"; };
		24E480CE1F45E969009B6998 /* NetDiskDetalModal.swift */ = {isa = PBXFileReference; lastKnownFileType = sourcecode.swift; path = NetDiskDetalModal.swift; sourceTree = "<group>"; };
		24E480D01F45ED75009B6998 /* netDetail.js */ = {isa = PBXFileReference; lastKnownFileType = sourcecode.javascript; path = netDetail.js; sourceTree = "<group>"; };
		24F3467C1F45CA5B001930ED /* ViewController.swift */ = {isa = PBXFileReference; lastKnownFileType = sourcecode.swift; path = ViewController.swift; sourceTree = "<group>"; };
		273B412A1F8B7B38001A6CA9 /* NewMovieTableViewController.swift */ = {isa = PBXFileReference; lastKnownFileType = sourcecode.swift; path = NewMovieTableViewController.swift; sourceTree = "<group>"; };
		273B412C1F8B7B53001A6CA9 /* NewMovieTableViewCell.swift */ = {isa = PBXFileReference; lastKnownFileType = sourcecode.swift; path = NewMovieTableViewCell.swift; sourceTree = "<group>"; };
		273B412D1F8B7B53001A6CA9 /* NewMovieTableViewCell.xib */ = {isa = PBXFileReference; lastKnownFileType = file.xib; path = NewMovieTableViewCell.xib; sourceTree = "<group>"; };
		273B41301F8B7F66001A6CA9 /* S8Blocker 3.xcdatamodel */ = {isa = PBXFileReference; lastKnownFileType = wrapper.xcdatamodel; path = "S8Blocker 3.xcdatamodel"; sourceTree = "<group>"; };
		276BC26B1F8F68F1006B9B92 /* Webservice.swift */ = {isa = PBXFileReference; lastKnownFileType = sourcecode.swift; path = Webservice.swift; sourceTree = "<group>"; };
		276BC26D1F8F6987006B9B92 /* ErrorStruct.swift */ = {isa = PBXFileReference; lastKnownFileType = sourcecode.swift; path = ErrorStruct.swift; sourceTree = "<group>"; };
		276BC26F1F8F69CE006B9B92 /* DictionaryExtension.swift */ = {isa = PBXFileReference; lastKnownFileType = sourcecode.swift; path = DictionaryExtension.swift; sourceTree = "<group>"; };
		276BC2711F8F6A0F006B9B92 /* JsonModal.swift */ = {isa = PBXFileReference; lastKnownFileType = sourcecode.swift; path = JsonModal.swift; sourceTree = "<group>"; };
		276BC2741F9057EC006B9B92 /* Kingfisher.framework */ = {isa = PBXFileReference; lastKnownFileType = wrapper.framework; name = Kingfisher.framework; path = Carthage/Build/iOS/Kingfisher.framework; sourceTree = SOURCE_ROOT; };
		278B1EE1200CA1E5004F9760 /* Categrory-Modal.swift */ = {isa = PBXFileReference; lastKnownFileType = sourcecode.swift; path = "Categrory-Modal.swift"; sourceTree = "<group>"; };
		278B1EE5200CA341004F9760 /* categrory.plist */ = {isa = PBXFileReference; lastKnownFileType = text.plist.xml; path = categrory.plist; sourceTree = "<group>"; };
		278B1EE7200CA530004F9760 /* CategroryCollectionViewCell.swift */ = {isa = PBXFileReference; lastKnownFileType = sourcecode.swift; path = CategroryCollectionViewCell.swift; sourceTree = "<group>"; };
		278B1EE9200CB1C7004F9760 /* Movie-Modal.swift */ = {isa = PBXFileReference; lastKnownFileType = sourcecode.swift; path = "Movie-Modal.swift"; sourceTree = "<group>"; };
		278B1EEC200CB284004F9760 /* FetchBot.swift */ = {isa = PBXFileReference; lastKnownFileType = sourcecode.swift; path = FetchBot.swift; sourceTree = "<group>"; };
		278B1EEE200D9485004F9760 /* Parser.swift */ = {isa = PBXFileReference; lastKnownFileType = sourcecode.swift; path = Parser.swift; sourceTree = "<group>"; };
/* End PBXFileReference section */

/* Begin PBXFrameworksBuildPhase section */
		243847151F00891400027E27 /* Frameworks */ = {
			isa = PBXFrameworksBuildPhase;
			buildActionMask = 2147483647;
			files = (
				276BC2761F90583D006B9B92 /* Kingfisher.framework in Frameworks */,
			);
			runOnlyForDeploymentPostprocessing = 0;
		};
		2438472E1F00891400027E27 /* Frameworks */ = {
			isa = PBXFrameworksBuildPhase;
			buildActionMask = 2147483647;
			files = (
			);
			runOnlyForDeploymentPostprocessing = 0;
		};
		243847391F00891400027E27 /* Frameworks */ = {
			isa = PBXFrameworksBuildPhase;
			buildActionMask = 2147483647;
			files = (
			);
			runOnlyForDeploymentPostprocessing = 0;
		};
		2438474F1F00897A00027E27 /* Frameworks */ = {
			isa = PBXFrameworksBuildPhase;
			buildActionMask = 2147483647;
			files = (
			);
			runOnlyForDeploymentPostprocessing = 0;
		};
		243847611F008ABE00027E27 /* Frameworks */ = {
			isa = PBXFrameworksBuildPhase;
			buildActionMask = 2147483647;
			files = (
			);
			runOnlyForDeploymentPostprocessing = 0;
		};
/* End PBXFrameworksBuildPhase section */

/* Begin PBXGroup section */
		243537B21F45C6E000D6C1DF /* NetDisk */ = {
			isa = PBXGroup;
			children = (
				243847241F00891400027E27 /* Main.storyboard */,
				24E480CA1F45E666009B6998 /* Detail */,
				24E480C81F45E627009B6998 /* List */,
			);
			path = NetDisk;
			sourceTree = "<group>";
		};
		2438470F1F00891400027E27 = {
			isa = PBXGroup;
			children = (
				24F3467E1F45CCD8001930ED /* Framework */,
				2438471A1F00891400027E27 /* S8Blocker */,
				243847341F00891400027E27 /* S8BlockerTests */,
				2438473F1F00891400027E27 /* S8BlockerUITests */,
				243847531F00897A00027E27 /* ADBlock-iOS */,
				243847651F008ABE00027E27 /* Torrilste */,
				243847191F00891400027E27 /* Products */,
				276BC2751F90583D006B9B92 /* Frameworks */,
			);
			sourceTree = "<group>";
		};
		243847191F00891400027E27 /* Products */ = {
			isa = PBXGroup;
			children = (
				243847181F00891400027E27 /* S8Blocker.app */,
				243847311F00891400027E27 /* S8BlockerTests.xctest */,
				2438473C1F00891400027E27 /* S8BlockerUITests.xctest */,
				243847521F00897A00027E27 /* ADBlock-iOS.appex */,
				243847641F008ABE00027E27 /* Torrilste.appex */,
			);
			name = Products;
			sourceTree = "<group>";
		};
		2438471A1F00891400027E27 /* S8Blocker */ = {
			isa = PBXGroup;
			children = (
				278B1EEB200CB26B004F9760 /* FetchBot */,
				278B1EE0200CA198004F9760 /* Categrory */,
				276BC26A1F8F688D006B9B92 /* Webservice */,
				273B41291F8B7AC8001A6CA9 /* Dytt */,
				243537B21F45C6E000D6C1DF /* NetDisk */,
				243847721F008BA500027E27 /* S8Blocker.entitlements */,
				2438471B1F00891400027E27 /* AppDelegate.swift */,
				243847201F00891400027E27 /* MasterViewController.swift */,
				243847221F00891400027E27 /* DetailViewController.swift */,
				24D7BBA01F45C8C30094DE28 /* Sex8.storyboard */,
				24F3467C1F45CA5B001930ED /* ViewController.swift */,
				243847271F00891400027E27 /* Assets.xcassets */,
				243847291F00891400027E27 /* LaunchScreen.storyboard */,
				2438472C1F00891400027E27 /* Info.plist */,
				2438471D1F00891400027E27 /* S8Blocker.xcdatamodeld */,
			);
			path = S8Blocker;
			sourceTree = "<group>";
		};
		243847341F00891400027E27 /* S8BlockerTests */ = {
			isa = PBXGroup;
			children = (
				243847351F00891400027E27 /* S8BlockerTests.swift */,
				243847371F00891400027E27 /* Info.plist */,
			);
			path = S8BlockerTests;
			sourceTree = "<group>";
		};
		2438473F1F00891400027E27 /* S8BlockerUITests */ = {
			isa = PBXGroup;
			children = (
				243847401F00891400027E27 /* S8BlockerUITests.swift */,
				243847421F00891400027E27 /* Info.plist */,
			);
			path = S8BlockerUITests;
			sourceTree = "<group>";
		};
		243847531F00897A00027E27 /* ADBlock-iOS */ = {
			isa = PBXGroup;
			children = (
				243847541F00897A00027E27 /* blockerList.json */,
				243847561F00897A00027E27 /* ContentBlockerRequestHandler.swift */,
				243847581F00897A00027E27 /* Info.plist */,
			);
			path = "ADBlock-iOS";
			sourceTree = "<group>";
		};
		243847651F008ABE00027E27 /* Torrilste */ = {
			isa = PBXGroup;
			children = (
				243847731F008C3000027E27 /* Torrilste.entitlements */,
				243847661F008ABE00027E27 /* ActionViewController.swift */,
				243847681F008ABE00027E27 /* MainInterface.storyboard */,
				2438476B1F008ABE00027E27 /* Info.plist */,
			);
			path = Torrilste;
			sourceTree = "<group>";
		};
		24E480C81F45E627009B6998 /* List */ = {
			isa = PBXGroup;
			children = (
				243537B61F45C71400D6C1DF /* NetDiskListViewController.swift */,
				243537B41F45C71400D6C1DF /* NetDiskModal.swift */,
				243537B71F45C71400D6C1DF /* NetDiskTableViewCell.swift */,
				243537B31F45C71400D6C1DF /* NetDiskTableViewCell.xib */,
			);
			name = List;
			sourceTree = "<group>";
		};
		24E480CA1F45E666009B6998 /* Detail */ = {
			isa = PBXGroup;
			children = (
				24E480D01F45ED75009B6998 /* netDetail.js */,
				24E480CB1F45E6B3009B6998 /* NetDiskDetailViewController.swift */,
				2431DAE81F45F3320082E928 /* NetDiskTitleTableViewCell.swift */,
				2431DAE91F45F3320082E928 /* NetDiskTitleTableViewCell.xib */,
				24E480CE1F45E969009B6998 /* NetDiskDetalModal.swift */,
				2431DAEC1F45F6810082E928 /* NetDiskImageTableViewCell.swift */,
				2431DAED1F45F6810082E928 /* NetDiskImageTableViewCell.xib */,
			);
			path = Detail;
			sourceTree = "<group>";
		};
		24F3467E1F45CCD8001930ED /* Framework */ = {
			isa = PBXGroup;
			children = (
				276BC2741F9057EC006B9B92 /* Kingfisher.framework */,
			);
			path = Framework;
			sourceTree = "<group>";
		};
		273B41291F8B7AC8001A6CA9 /* Dytt */ = {
			isa = PBXGroup;
			children = (
				273B412A1F8B7B38001A6CA9 /* NewMovieTableViewController.swift */,
				273B412C1F8B7B53001A6CA9 /* NewMovieTableViewCell.swift */,
				273B412D1F8B7B53001A6CA9 /* NewMovieTableViewCell.xib */,
				278B1EE9200CB1C7004F9760 /* Movie-Modal.swift */,
			);
			path = Dytt;
			sourceTree = "<group>";
		};
		276BC26A1F8F688D006B9B92 /* Webservice */ = {
			isa = PBXGroup;
			children = (
				276BC26B1F8F68F1006B9B92 /* Webservice.swift */,
				276BC26D1F8F6987006B9B92 /* ErrorStruct.swift */,
				276BC26F1F8F69CE006B9B92 /* DictionaryExtension.swift */,
				276BC2711F8F6A0F006B9B92 /* JsonModal.swift */,
			);
			path = Webservice;
			sourceTree = "<group>";
		};
		276BC2751F90583D006B9B92 /* Frameworks */ = {
			isa = PBXGroup;
			children = (
			);
			name = Frameworks;
			sourceTree = "<group>";
		};
		278B1EE0200CA198004F9760 /* Categrory */ = {
			isa = PBXGroup;
			children = (
				278B1EE1200CA1E5004F9760 /* Categrory-Modal.swift */,
				278B1EE5200CA341004F9760 /* categrory.plist */,
				278B1EE7200CA530004F9760 /* CategroryCollectionViewCell.swift */,
			);
			path = Categrory;
			sourceTree = "<group>";
		};
		278B1EEB200CB26B004F9760 /* FetchBot */ = {
			isa = PBXGroup;
			children = (
				278B1EEC200CB284004F9760 /* FetchBot.swift */,
				278B1EEE200D9485004F9760 /* Parser.swift */,
			);
			path = FetchBot;
			sourceTree = "<group>";
		};
/* End PBXGroup section */

/* Begin PBXNativeTarget section */
		243847171F00891400027E27 /* S8Blocker */ = {
			isa = PBXNativeTarget;
			buildConfigurationList = 243847451F00891400027E27 /* Build configuration list for PBXNativeTarget "S8Blocker" */;
			buildPhases = (
				243847141F00891400027E27 /* Sources */,
				243847151F00891400027E27 /* Frameworks */,
				243847161F00891400027E27 /* Resources */,
				2438475F1F00897A00027E27 /* Embed App Extensions */,
				24F346821F45CD0B001930ED /* Embed Frameworks */,
				276BC2731F905790006B9B92 /* ShellScript */,
			);
			buildRules = (
			);
			dependencies = (
				2438475A1F00897A00027E27 /* PBXTargetDependency */,
				2438476D1F008ABE00027E27 /* PBXTargetDependency */,
			);
			name = S8Blocker;
			productName = S8Blocker;
			productReference = 243847181F00891400027E27 /* S8Blocker.app */;
			productType = "com.apple.product-type.application";
		};
		243847301F00891400027E27 /* S8BlockerTests */ = {
			isa = PBXNativeTarget;
			buildConfigurationList = 243847481F00891400027E27 /* Build configuration list for PBXNativeTarget "S8BlockerTests" */;
			buildPhases = (
				2438472D1F00891400027E27 /* Sources */,
				2438472E1F00891400027E27 /* Frameworks */,
				2438472F1F00891400027E27 /* Resources */,
			);
			buildRules = (
			);
			dependencies = (
				243847331F00891400027E27 /* PBXTargetDependency */,
			);
			name = S8BlockerTests;
			productName = S8BlockerTests;
			productReference = 243847311F00891400027E27 /* S8BlockerTests.xctest */;
			productType = "com.apple.product-type.bundle.unit-test";
		};
		2438473B1F00891400027E27 /* S8BlockerUITests */ = {
			isa = PBXNativeTarget;
			buildConfigurationList = 2438474B1F00891400027E27 /* Build configuration list for PBXNativeTarget "S8BlockerUITests" */;
			buildPhases = (
				243847381F00891400027E27 /* Sources */,
				243847391F00891400027E27 /* Frameworks */,
				2438473A1F00891400027E27 /* Resources */,
			);
			buildRules = (
			);
			dependencies = (
				2438473E1F00891400027E27 /* PBXTargetDependency */,
			);
			name = S8BlockerUITests;
			productName = S8BlockerUITests;
			productReference = 2438473C1F00891400027E27 /* S8BlockerUITests.xctest */;
			productType = "com.apple.product-type.bundle.ui-testing";
		};
		243847511F00897A00027E27 /* ADBlock-iOS */ = {
			isa = PBXNativeTarget;
			buildConfigurationList = 2438475C1F00897A00027E27 /* Build configuration list for PBXNativeTarget "ADBlock-iOS" */;
			buildPhases = (
				2438474E1F00897A00027E27 /* Sources */,
				2438474F1F00897A00027E27 /* Frameworks */,
				243847501F00897A00027E27 /* Resources */,
			);
			buildRules = (
			);
			dependencies = (
			);
			name = "ADBlock-iOS";
			productName = "ADBlock-iOS";
			productReference = 243847521F00897A00027E27 /* ADBlock-iOS.appex */;
			productType = "com.apple.product-type.app-extension";
		};
		243847631F008ABE00027E27 /* Torrilste */ = {
			isa = PBXNativeTarget;
			buildConfigurationList = 2438476F1F008ABE00027E27 /* Build configuration list for PBXNativeTarget "Torrilste" */;
			buildPhases = (
				243847601F008ABE00027E27 /* Sources */,
				243847611F008ABE00027E27 /* Frameworks */,
				243847621F008ABE00027E27 /* Resources */,
			);
			buildRules = (
			);
			dependencies = (
			);
			name = Torrilste;
			productName = Torrilste;
			productReference = 243847641F008ABE00027E27 /* Torrilste.appex */;
			productType = "com.apple.product-type.app-extension";
		};
/* End PBXNativeTarget section */

/* Begin PBXProject section */
		243847101F00891400027E27 /* Project object */ = {
			isa = PBXProject;
			attributes = {
				LastSwiftUpdateCheck = 0900;
				LastUpgradeCheck = 0900;
				ORGANIZATIONNAME = ascp;
				TargetAttributes = {
					243847171F00891400027E27 = {
						CreatedOnToolsVersion = 9.0;
						ProvisioningStyle = Automatic;
						SystemCapabilities = {
							com.apple.ApplicationGroups.iOS = {
								enabled = 1;
							};
						};
					};
					243847301F00891400027E27 = {
						CreatedOnToolsVersion = 9.0;
						TestTargetID = 243847171F00891400027E27;
					};
					2438473B1F00891400027E27 = {
						CreatedOnToolsVersion = 9.0;
						TestTargetID = 243847171F00891400027E27;
					};
					243847511F00897A00027E27 = {
						CreatedOnToolsVersion = 9.0;
						ProvisioningStyle = Automatic;
					};
					243847631F008ABE00027E27 = {
						CreatedOnToolsVersion = 9.0;
						ProvisioningStyle = Automatic;
						SystemCapabilities = {
							com.apple.ApplicationGroups.iOS = {
								enabled = 1;
							};
						};
					};
				};
			};
			buildConfigurationList = 243847131F00891400027E27 /* Build configuration list for PBXProject "S8Blocker" */;
			compatibilityVersion = "Xcode 8.0";
			developmentRegion = en;
			hasScannedForEncodings = 0;
			knownRegions = (
				en,
				Base,
			);
			mainGroup = 2438470F1F00891400027E27;
			productRefGroup = 243847191F00891400027E27 /* Products */;
			projectDirPath = "";
			projectRoot = "";
			targets = (
				243847171F00891400027E27 /* S8Blocker */,
				243847301F00891400027E27 /* S8BlockerTests */,
				2438473B1F00891400027E27 /* S8BlockerUITests */,
				243847511F00897A00027E27 /* ADBlock-iOS */,
				243847631F008ABE00027E27 /* Torrilste */,
			);
		};
/* End PBXProject section */

/* Begin PBXResourcesBuildPhase section */
		243847161F00891400027E27 /* Resources */ = {
			isa = PBXResourcesBuildPhase;
			buildActionMask = 2147483647;
			files = (
				2431DAE71F45F24C0082E928 /* netDetail.js in Resources */,
				2438472B1F00891400027E27 /* LaunchScreen.storyboard in Resources */,
				24D7BBA11F45C8C30094DE28 /* Sex8.storyboard in Resources */,
				273B412F1F8B7B53001A6CA9 /* NewMovieTableViewCell.xib in Resources */,
				243847281F00891400027E27 /* Assets.xcassets in Resources */,
				243847261F00891400027E27 /* Main.storyboard in Resources */,
				278B1EE6200CA341004F9760 /* categrory.plist in Resources */,
				2431DAEF1F45F6810082E928 /* NetDiskImageTableViewCell.xib in Resources */,
				2431DAEB1F45F3320082E928 /* NetDiskTitleTableViewCell.xib in Resources */,
			);
			runOnlyForDeploymentPostprocessing = 0;
		};
		2438472F1F00891400027E27 /* Resources */ = {
			isa = PBXResourcesBuildPhase;
			buildActionMask = 2147483647;
			files = (
			);
			runOnlyForDeploymentPostprocessing = 0;
		};
		2438473A1F00891400027E27 /* Resources */ = {
			isa = PBXResourcesBuildPhase;
			buildActionMask = 2147483647;
			files = (
			);
			runOnlyForDeploymentPostprocessing = 0;
		};
		243847501F00897A00027E27 /* Resources */ = {
			isa = PBXResourcesBuildPhase;
			buildActionMask = 2147483647;
			files = (
				243847551F00897A00027E27 /* blockerList.json in Resources */,
			);
			runOnlyForDeploymentPostprocessing = 0;
		};
		243847621F008ABE00027E27 /* Resources */ = {
			isa = PBXResourcesBuildPhase;
			buildActionMask = 2147483647;
			files = (
				2438476A1F008ABE00027E27 /* MainInterface.storyboard in Resources */,
			);
			runOnlyForDeploymentPostprocessing = 0;
		};
/* End PBXResourcesBuildPhase section */

/* Begin PBXShellScriptBuildPhase section */
		276BC2731F905790006B9B92 /* ShellScript */ = {
			isa = PBXShellScriptBuildPhase;
			buildActionMask = 2147483647;
			files = (
			);
			inputPaths = (
				"$(SRCROOT)/Carthage/Build/iOS/Kingfisher.framework",
			);
			outputPaths = (
			);
			runOnlyForDeploymentPostprocessing = 0;
			shellPath = /bin/sh;
			shellScript = "/usr/local/bin/carthage copy-frameworks";
		};
/* End PBXShellScriptBuildPhase section */

/* Begin PBXSourcesBuildPhase section */
		243847141F00891400027E27 /* Sources */ = {
			isa = PBXSourcesBuildPhase;
			buildActionMask = 2147483647;
			files = (
				2431DAEE1F45F6810082E928 /* NetDiskImageTableViewCell.swift in Sources */,
				24F4C26F1F45D122008412AF /* NetDiskListViewController.swift in Sources */,
				24E480D11F45ED75009B6998 /* netDetail.js in Sources */,
				278B1EEA200CB1C7004F9760 /* Movie-Modal.swift in Sources */,
				276BC26E1F8F6987006B9B92 /* ErrorStruct.swift in Sources */,
				273B412E1F8B7B53001A6CA9 /* NewMovieTableViewCell.swift in Sources */,
				24F4C2701F45D122008412AF /* NetDiskModal.swift in Sources */,
				273B412B1F8B7B38001A6CA9 /* NewMovieTableViewController.swift in Sources */,
				24F4C2711F45D122008412AF /* NetDiskTableViewCell.swift in Sources */,
				24F4C2721F45D122008412AF /* NetDiskTableViewCell.xib in Sources */,
				24F3467D1F45CA5B001930ED /* ViewController.swift in Sources */,
				278B1EE2200CA1E5004F9760 /* Categrory-Modal.swift in Sources */,
				2438471C1F00891400027E27 /* AppDelegate.swift in Sources */,
				2438471F1F00891400027E27 /* S8Blocker.xcdatamodeld in Sources */,
				278B1EE8200CA530004F9760 /* CategroryCollectionViewCell.swift in Sources */,
				24E480CF1F45E969009B6998 /* NetDiskDetalModal.swift in Sources */,
				278B1EED200CB284004F9760 /* FetchBot.swift in Sources */,
				278B1EEF200D9485004F9760 /* Parser.swift in Sources */,
				276BC2721F8F6A0F006B9B92 /* JsonModal.swift in Sources */,
				2431DAEA1F45F3320082E928 /* NetDiskTitleTableViewCell.swift in Sources */,
				243847211F00891400027E27 /* MasterViewController.swift in Sources */,
				276BC2701F8F69CE006B9B92 /* DictionaryExtension.swift in Sources */,
				24E480CC1F45E6B3009B6998 /* NetDiskDetailViewController.swift in Sources */,
				243847231F00891400027E27 /* DetailViewController.swift in Sources */,
				276BC26C1F8F68F1006B9B92 /* Webservice.swift in Sources */,
			);
			runOnlyForDeploymentPostprocessing = 0;
		};
		2438472D1F00891400027E27 /* Sources */ = {
			isa = PBXSourcesBuildPhase;
			buildActionMask = 2147483647;
			files = (
				243847361F00891400027E27 /* S8BlockerTests.swift in Sources */,
			);
			runOnlyForDeploymentPostprocessing = 0;
		};
		243847381F00891400027E27 /* Sources */ = {
			isa = PBXSourcesBuildPhase;
			buildActionMask = 2147483647;
			files = (
				243847411F00891400027E27 /* S8BlockerUITests.swift in Sources */,
			);
			runOnlyForDeploymentPostprocessing = 0;
		};
		2438474E1F00897A00027E27 /* Sources */ = {
			isa = PBXSourcesBuildPhase;
			buildActionMask = 2147483647;
			files = (
				243847571F00897A00027E27 /* ContentBlockerRequestHandler.swift in Sources */,
			);
			runOnlyForDeploymentPostprocessing = 0;
		};
		243847601F008ABE00027E27 /* Sources */ = {
			isa = PBXSourcesBuildPhase;
			buildActionMask = 2147483647;
			files = (
				243847671F008ABE00027E27 /* ActionViewController.swift in Sources */,
				2468BB3A1F00D61400AAB573 /* S8Blocker.xcdatamodeld in Sources */,
			);
			runOnlyForDeploymentPostprocessing = 0;
		};
/* End PBXSourcesBuildPhase section */

/* Begin PBXTargetDependency section */
		243847331F00891400027E27 /* PBXTargetDependency */ = {
			isa = PBXTargetDependency;
			target = 243847171F00891400027E27 /* S8Blocker */;
			targetProxy = 243847321F00891400027E27 /* PBXContainerItemProxy */;
		};
		2438473E1F00891400027E27 /* PBXTargetDependency */ = {
			isa = PBXTargetDependency;
			target = 243847171F00891400027E27 /* S8Blocker */;
			targetProxy = 2438473D1F00891400027E27 /* PBXContainerItemProxy */;
		};
		2438475A1F00897A00027E27 /* PBXTargetDependency */ = {
			isa = PBXTargetDependency;
			target = 243847511F00897A00027E27 /* ADBlock-iOS */;
			targetProxy = 243847591F00897A00027E27 /* PBXContainerItemProxy */;
		};
		2438476D1F008ABE00027E27 /* PBXTargetDependency */ = {
			isa = PBXTargetDependency;
			target = 243847631F008ABE00027E27 /* Torrilste */;
			targetProxy = 2438476C1F008ABE00027E27 /* PBXContainerItemProxy */;
		};
/* End PBXTargetDependency section */

/* Begin PBXVariantGroup section */
		243847241F00891400027E27 /* Main.storyboard */ = {
			isa = PBXVariantGroup;
			children = (
				243847251F00891400027E27 /* Base */,
			);
			name = Main.storyboard;
			sourceTree = "<group>";
		};
		243847291F00891400027E27 /* LaunchScreen.storyboard */ = {
			isa = PBXVariantGroup;
			children = (
				2438472A1F00891400027E27 /* Base */,
			);
			name = LaunchScreen.storyboard;
			sourceTree = "<group>";
		};
		243847681F008ABE00027E27 /* MainInterface.storyboard */ = {
			isa = PBXVariantGroup;
			children = (
				243847691F008ABE00027E27 /* Base */,
			);
			name = MainInterface.storyboard;
			sourceTree = "<group>";
		};
/* End PBXVariantGroup section */

/* Begin XCBuildConfiguration section */
		243847431F00891400027E27 /* Debug */ = {
			isa = XCBuildConfiguration;
			buildSettings = {
				ALWAYS_SEARCH_USER_PATHS = NO;
				CLANG_ANALYZER_NONNULL = YES;
				CLANG_ANALYZER_NUMBER_OBJECT_CONVERSION = YES_AGGRESSIVE;
				CLANG_CXX_LANGUAGE_STANDARD = "gnu++14";
				CLANG_CXX_LIBRARY = "libc++";
				CLANG_ENABLE_MODULES = YES;
				CLANG_ENABLE_OBJC_ARC = YES;
				CLANG_WARN_BLOCK_CAPTURE_AUTORELEASING = YES;
				CLANG_WARN_BOOL_CONVERSION = YES;
				CLANG_WARN_COMMA = YES;
				CLANG_WARN_CONSTANT_CONVERSION = YES;
				CLANG_WARN_DIRECT_OBJC_ISA_USAGE = YES_ERROR;
				CLANG_WARN_DOCUMENTATION_COMMENTS = YES;
				CLANG_WARN_EMPTY_BODY = YES;
				CLANG_WARN_ENUM_CONVERSION = YES;
				CLANG_WARN_INFINITE_RECURSION = YES;
				CLANG_WARN_INT_CONVERSION = YES;
				CLANG_WARN_NON_LITERAL_NULL_CONVERSION = YES;
				CLANG_WARN_OBJC_LITERAL_CONVERSION = YES;
				CLANG_WARN_OBJC_ROOT_CLASS = YES_ERROR;
				CLANG_WARN_RANGE_LOOP_ANALYSIS = YES;
				CLANG_WARN_STRICT_PROTOTYPES = YES;
				CLANG_WARN_SUSPICIOUS_MOVE = YES;
				CLANG_WARN_UNGUARDED_AVAILABILITY = YES_AGGRESSIVE;
				CLANG_WARN_UNREACHABLE_CODE = YES;
				CLANG_WARN__DUPLICATE_METHOD_MATCH = YES;
				CODE_SIGN_IDENTITY = "iPhone Developer";
				COPY_PHASE_STRIP = NO;
				DEBUG_INFORMATION_FORMAT = dwarf;
				ENABLE_STRICT_OBJC_MSGSEND = YES;
				ENABLE_TESTABILITY = YES;
				GCC_C_LANGUAGE_STANDARD = gnu11;
				GCC_DYNAMIC_NO_PIC = NO;
				GCC_NO_COMMON_BLOCKS = YES;
				GCC_OPTIMIZATION_LEVEL = 0;
				GCC_PREPROCESSOR_DEFINITIONS = (
					"DEBUG=1",
					"$(inherited)",
				);
				GCC_WARN_64_TO_32_BIT_CONVERSION = YES;
				GCC_WARN_ABOUT_RETURN_TYPE = YES_ERROR;
				GCC_WARN_UNDECLARED_SELECTOR = YES;
				GCC_WARN_UNINITIALIZED_AUTOS = YES_AGGRESSIVE;
				GCC_WARN_UNUSED_FUNCTION = YES;
				GCC_WARN_UNUSED_VARIABLE = YES;
				IPHONEOS_DEPLOYMENT_TARGET = 10.0;
				MTL_ENABLE_DEBUG_INFO = YES;
				ONLY_ACTIVE_ARCH = YES;
				SDKROOT = iphoneos;
				SWIFT_ACTIVE_COMPILATION_CONDITIONS = DEBUG;
				SWIFT_OPTIMIZATION_LEVEL = "-Onone";
			};
			name = Debug;
		};
		243847441F00891400027E27 /* Release */ = {
			isa = XCBuildConfiguration;
			buildSettings = {
				ALWAYS_SEARCH_USER_PATHS = NO;
				CLANG_ANALYZER_NONNULL = YES;
				CLANG_ANALYZER_NUMBER_OBJECT_CONVERSION = YES_AGGRESSIVE;
				CLANG_CXX_LANGUAGE_STANDARD = "gnu++14";
				CLANG_CXX_LIBRARY = "libc++";
				CLANG_ENABLE_MODULES = YES;
				CLANG_ENABLE_OBJC_ARC = YES;
				CLANG_WARN_BLOCK_CAPTURE_AUTORELEASING = YES;
				CLANG_WARN_BOOL_CONVERSION = YES;
				CLANG_WARN_COMMA = YES;
				CLANG_WARN_CONSTANT_CONVERSION = YES;
				CLANG_WARN_DIRECT_OBJC_ISA_USAGE = YES_ERROR;
				CLANG_WARN_DOCUMENTATION_COMMENTS = YES;
				CLANG_WARN_EMPTY_BODY = YES;
				CLANG_WARN_ENUM_CONVERSION = YES;
				CLANG_WARN_INFINITE_RECURSION = YES;
				CLANG_WARN_INT_CONVERSION = YES;
				CLANG_WARN_NON_LITERAL_NULL_CONVERSION = YES;
				CLANG_WARN_OBJC_LITERAL_CONVERSION = YES;
				CLANG_WARN_OBJC_ROOT_CLASS = YES_ERROR;
				CLANG_WARN_RANGE_LOOP_ANALYSIS = YES;
				CLANG_WARN_STRICT_PROTOTYPES = YES;
				CLANG_WARN_SUSPICIOUS_MOVE = YES;
				CLANG_WARN_UNGUARDED_AVAILABILITY = YES_AGGRESSIVE;
				CLANG_WARN_UNREACHABLE_CODE = YES;
				CLANG_WARN__DUPLICATE_METHOD_MATCH = YES;
				CODE_SIGN_IDENTITY = "iPhone Developer";
				COPY_PHASE_STRIP = NO;
				DEBUG_INFORMATION_FORMAT = "dwarf-with-dsym";
				ENABLE_NS_ASSERTIONS = NO;
				ENABLE_STRICT_OBJC_MSGSEND = YES;
				GCC_C_LANGUAGE_STANDARD = gnu11;
				GCC_NO_COMMON_BLOCKS = YES;
				GCC_WARN_64_TO_32_BIT_CONVERSION = YES;
				GCC_WARN_ABOUT_RETURN_TYPE = YES_ERROR;
				GCC_WARN_UNDECLARED_SELECTOR = YES;
				GCC_WARN_UNINITIALIZED_AUTOS = YES_AGGRESSIVE;
				GCC_WARN_UNUSED_FUNCTION = YES;
				GCC_WARN_UNUSED_VARIABLE = YES;
				IPHONEOS_DEPLOYMENT_TARGET = 10.0;
				MTL_ENABLE_DEBUG_INFO = NO;
				SDKROOT = iphoneos;
				SWIFT_OPTIMIZATION_LEVEL = "-Owholemodule";
				VALIDATE_PRODUCT = YES;
			};
			name = Release;
		};
		243847461F00891400027E27 /* Debug */ = {
			isa = XCBuildConfiguration;
			buildSettings = {
				ALWAYS_EMBED_SWIFT_STANDARD_LIBRARIES = YES;
				ASSETCATALOG_COMPILER_APPICON_NAME = AppIcon;
				CODE_SIGN_ENTITLEMENTS = S8Blocker/S8Blocker.entitlements;
				"CODE_SIGN_IDENTITY[sdk=iphoneos*]" = "iPhone Developer";
				CODE_SIGN_STYLE = Automatic;
				DEVELOPMENT_TEAM = PBH6Q9M35H;
				FRAMEWORK_SEARCH_PATHS = (
					"$(inherited)",
					"$(PROJECT_DIR)/Framework",
					"$(PROJECT_DIR)/Carthage/Build/iOS",
				);
				INFOPLIST_FILE = S8Blocker/Info.plist;
				LD_RUNPATH_SEARCH_PATHS = "$(inherited) @executable_path/Frameworks";
				PRODUCT_BUNDLE_IDENTIFIER = com.ascp.S8Blocker2;
				PRODUCT_NAME = "$(TARGET_NAME)";
				PROVISIONING_PROFILE_SPECIFIER = "";
				SWIFT_VERSION = 4.0;
				TARGETED_DEVICE_FAMILY = "1,2";
			};
			name = Debug;
		};
		243847471F00891400027E27 /* Release */ = {
			isa = XCBuildConfiguration;
			buildSettings = {
				ALWAYS_EMBED_SWIFT_STANDARD_LIBRARIES = YES;
				ASSETCATALOG_COMPILER_APPICON_NAME = AppIcon;
				CODE_SIGN_ENTITLEMENTS = S8Blocker/S8Blocker.entitlements;
				"CODE_SIGN_IDENTITY[sdk=iphoneos*]" = "iPhone Developer";
				CODE_SIGN_STYLE = Automatic;
				DEVELOPMENT_TEAM = PBH6Q9M35H;
				FRAMEWORK_SEARCH_PATHS = (
					"$(inherited)",
					"$(PROJECT_DIR)/Framework",
					"$(PROJECT_DIR)/Carthage/Build/iOS",
				);
				INFOPLIST_FILE = S8Blocker/Info.plist;
				LD_RUNPATH_SEARCH_PATHS = "$(inherited) @executable_path/Frameworks";
				PRODUCT_BUNDLE_IDENTIFIER = com.ascp.S8Blocker2;
				PRODUCT_NAME = "$(TARGET_NAME)";
				PROVISIONING_PROFILE_SPECIFIER = "";
				SWIFT_VERSION = 4.0;
				TARGETED_DEVICE_FAMILY = "1,2";
			};
			name = Release;
		};
		243847491F00891400027E27 /* Debug */ = {
			isa = XCBuildConfiguration;
			buildSettings = {
				ALWAYS_EMBED_SWIFT_STANDARD_LIBRARIES = YES;
				BUNDLE_LOADER = "$(TEST_HOST)";
				DEVELOPMENT_TEAM = A272626J38;
				INFOPLIST_FILE = S8BlockerTests/Info.plist;
				LD_RUNPATH_SEARCH_PATHS = "$(inherited) @executable_path/Frameworks @loader_path/Frameworks";
				PRODUCT_BUNDLE_IDENTIFIER = com.ascp.S8BlockerTests;
				PRODUCT_NAME = "$(TARGET_NAME)";
				SWIFT_VERSION = 4.0;
				TARGETED_DEVICE_FAMILY = "1,2";
				TEST_HOST = "$(BUILT_PRODUCTS_DIR)/S8Blocker.app/S8Blocker";
			};
			name = Debug;
		};
		2438474A1F00891400027E27 /* Release */ = {
			isa = XCBuildConfiguration;
			buildSettings = {
				ALWAYS_EMBED_SWIFT_STANDARD_LIBRARIES = YES;
				BUNDLE_LOADER = "$(TEST_HOST)";
				DEVELOPMENT_TEAM = A272626J38;
				INFOPLIST_FILE = S8BlockerTests/Info.plist;
				LD_RUNPATH_SEARCH_PATHS = "$(inherited) @executable_path/Frameworks @loader_path/Frameworks";
				PRODUCT_BUNDLE_IDENTIFIER = com.ascp.S8BlockerTests;
				PRODUCT_NAME = "$(TARGET_NAME)";
				SWIFT_VERSION = 4.0;
				TARGETED_DEVICE_FAMILY = "1,2";
				TEST_HOST = "$(BUILT_PRODUCTS_DIR)/S8Blocker.app/S8Blocker";
			};
			name = Release;
		};
		2438474C1F00891400027E27 /* Debug */ = {
			isa = XCBuildConfiguration;
			buildSettings = {
				ALWAYS_EMBED_SWIFT_STANDARD_LIBRARIES = YES;
				DEVELOPMENT_TEAM = A272626J38;
				INFOPLIST_FILE = S8BlockerUITests/Info.plist;
				LD_RUNPATH_SEARCH_PATHS = "$(inherited) @executable_path/Frameworks @loader_path/Frameworks";
				PRODUCT_BUNDLE_IDENTIFIER = com.ascp.S8BlockerUITests;
				PRODUCT_NAME = "$(TARGET_NAME)";
				SWIFT_VERSION = 4.0;
				TARGETED_DEVICE_FAMILY = "1,2";
				TEST_TARGET_NAME = S8Blocker;
			};
			name = Debug;
		};
		2438474D1F00891400027E27 /* Release */ = {
			isa = XCBuildConfiguration;
			buildSettings = {
				ALWAYS_EMBED_SWIFT_STANDARD_LIBRARIES = YES;
				DEVELOPMENT_TEAM = A272626J38;
				INFOPLIST_FILE = S8BlockerUITests/Info.plist;
				LD_RUNPATH_SEARCH_PATHS = "$(inherited) @executable_path/Frameworks @loader_path/Frameworks";
				PRODUCT_BUNDLE_IDENTIFIER = com.ascp.S8BlockerUITests;
				PRODUCT_NAME = "$(TARGET_NAME)";
				SWIFT_VERSION = 4.0;
				TARGETED_DEVICE_FAMILY = "1,2";
				TEST_TARGET_NAME = S8Blocker;
			};
			name = Release;
		};
		2438475D1F00897A00027E27 /* Debug */ = {
			isa = XCBuildConfiguration;
			buildSettings = {
				"CODE_SIGN_IDENTITY[sdk=iphoneos*]" = "iPhone Developer";
				CODE_SIGN_STYLE = Automatic;
				DEVELOPMENT_TEAM = PBH6Q9M35H;
				INFOPLIST_FILE = "ADBlock-iOS/Info.plist";
				LD_RUNPATH_SEARCH_PATHS = "$(inherited) @executable_path/Frameworks @executable_path/../../Frameworks";
				PRODUCT_BUNDLE_IDENTIFIER = com.ascp.S8Blocker2.ADBlockiOS;
				PRODUCT_NAME = "$(TARGET_NAME)";
				PROVISIONING_PROFILE_SPECIFIER = "";
				SKIP_INSTALL = YES;
				SWIFT_VERSION = 4.0;
				TARGETED_DEVICE_FAMILY = "1,2";
			};
			name = Debug;
		};
		2438475E1F00897A00027E27 /* Release */ = {
			isa = XCBuildConfiguration;
			buildSettings = {
				"CODE_SIGN_IDENTITY[sdk=iphoneos*]" = "iPhone Developer";
				CODE_SIGN_STYLE = Automatic;
				DEVELOPMENT_TEAM = PBH6Q9M35H;
				INFOPLIST_FILE = "ADBlock-iOS/Info.plist";
				LD_RUNPATH_SEARCH_PATHS = "$(inherited) @executable_path/Frameworks @executable_path/../../Frameworks";
				PRODUCT_BUNDLE_IDENTIFIER = com.ascp.S8Blocker2.ADBlockiOS;
				PRODUCT_NAME = "$(TARGET_NAME)";
				PROVISIONING_PROFILE_SPECIFIER = "";
				SKIP_INSTALL = YES;
				SWIFT_VERSION = 4.0;
				TARGETED_DEVICE_FAMILY = "1,2";
			};
			name = Release;
		};
		243847701F008ABE00027E27 /* Debug */ = {
			isa = XCBuildConfiguration;
			buildSettings = {
				CODE_SIGN_ENTITLEMENTS = Torrilste/Torrilste.entitlements;
				"CODE_SIGN_IDENTITY[sdk=iphoneos*]" = "iPhone Developer";
				CODE_SIGN_STYLE = Automatic;
				DEVELOPMENT_TEAM = PBH6Q9M35H;
				INFOPLIST_FILE = Torrilste/Info.plist;
				LD_RUNPATH_SEARCH_PATHS = "$(inherited) @executable_path/Frameworks @executable_path/../../Frameworks";
				PRODUCT_BUNDLE_IDENTIFIER = com.ascp.S8Blocker2.Torrilste;
				PRODUCT_NAME = "$(TARGET_NAME)";
				PROVISIONING_PROFILE_SPECIFIER = "";
				SKIP_INSTALL = YES;
				SWIFT_VERSION = 4.0;
				TARGETED_DEVICE_FAMILY = "1,2";
			};
			name = Debug;
		};
		243847711F008ABE00027E27 /* Release */ = {
			isa = XCBuildConfiguration;
			buildSettings = {
				CODE_SIGN_ENTITLEMENTS = Torrilste/Torrilste.entitlements;
				"CODE_SIGN_IDENTITY[sdk=iphoneos*]" = "iPhone Developer";
				CODE_SIGN_STYLE = Automatic;
				DEVELOPMENT_TEAM = PBH6Q9M35H;
				INFOPLIST_FILE = Torrilste/Info.plist;
				LD_RUNPATH_SEARCH_PATHS = "$(inherited) @executable_path/Frameworks @executable_path/../../Frameworks";
				PRODUCT_BUNDLE_IDENTIFIER = com.ascp.S8Blocker2.Torrilste;
				PRODUCT_NAME = "$(TARGET_NAME)";
				PROVISIONING_PROFILE_SPECIFIER = "";
				SKIP_INSTALL = YES;
				SWIFT_VERSION = 4.0;
				TARGETED_DEVICE_FAMILY = "1,2";
			};
			name = Release;
		};
/* End XCBuildConfiguration section */

/* Begin XCConfigurationList section */
		243847131F00891400027E27 /* Build configuration list for PBXProject "S8Blocker" */ = {
			isa = XCConfigurationList;
			buildConfigurations = (
				243847431F00891400027E27 /* Debug */,
				243847441F00891400027E27 /* Release */,
			);
			defaultConfigurationIsVisible = 0;
			defaultConfigurationName = Release;
		};
		243847451F00891400027E27 /* Build configuration list for PBXNativeTarget "S8Blocker" */ = {
			isa = XCConfigurationList;
			buildConfigurations = (
				243847461F00891400027E27 /* Debug */,
				243847471F00891400027E27 /* Release */,
			);
			defaultConfigurationIsVisible = 0;
			defaultConfigurationName = Release;
		};
		243847481F00891400027E27 /* Build configuration list for PBXNativeTarget "S8BlockerTests" */ = {
			isa = XCConfigurationList;
			buildConfigurations = (
				243847491F00891400027E27 /* Debug */,
				2438474A1F00891400027E27 /* Release */,
			);
			defaultConfigurationIsVisible = 0;
			defaultConfigurationName = Release;
		};
		2438474B1F00891400027E27 /* Build configuration list for PBXNativeTarget "S8BlockerUITests" */ = {
			isa = XCConfigurationList;
			buildConfigurations = (
				2438474C1F00891400027E27 /* Debug */,
				2438474D1F00891400027E27 /* Release */,
			);
			defaultConfigurationIsVisible = 0;
			defaultConfigurationName = Release;
		};
		2438475C1F00897A00027E27 /* Build configuration list for PBXNativeTarget "ADBlock-iOS" */ = {
			isa = XCConfigurationList;
			buildConfigurations = (
				2438475D1F00897A00027E27 /* Debug */,
				2438475E1F00897A00027E27 /* Release */,
			);
			defaultConfigurationIsVisible = 0;
			defaultConfigurationName = Release;
		};
		2438476F1F008ABE00027E27 /* Build configuration list for PBXNativeTarget "Torrilste" */ = {
			isa = XCConfigurationList;
			buildConfigurations = (
				243847701F008ABE00027E27 /* Debug */,
				243847711F008ABE00027E27 /* Release */,
			);
			defaultConfigurationIsVisible = 0;
			defaultConfigurationName = Release;
		};
/* End XCConfigurationList section */

/* Begin XCVersionGroup section */
		2438471D1F00891400027E27 /* S8Blocker.xcdatamodeld */ = {
			isa = XCVersionGroup;
			children = (
				273B41301F8B7F66001A6CA9 /* S8Blocker 3.xcdatamodel */,
				2468BB381F00D5BA00AAB573 /* S8Blocker 2.xcdatamodel */,
				2438471E1F00891400027E27 /* S8Blocker.xcdatamodel */,
			);
			currentVersion = 273B41301F8B7F66001A6CA9 /* S8Blocker 3.xcdatamodel */;
			path = S8Blocker.xcdatamodeld;
			sourceTree = "<group>";
			versionGroupType = wrapper.xcdatamodel;
		};
/* End XCVersionGroup section */
	};
	rootObject = 243847101F00891400027E27 /* Project object */;
}
